
Microsoft Visual Studio Solution File, Format Version 12.00
# Visual Studio Version 17
VisualStudioVersion = 17.0.31903.59
MinimumVisualStudioVersion = 10.0.40219.1
Project("{2150E333-8FDC-42A3-9474-1A3956D46DE8}") = "src", "src", "{827E0CD3-B72D-47B6-A68D-7590B98EB39B}"
EndProject
Project("{FAE04EC0-301F-11D3-BF4B-00C04F79EFBC}") = "ExoAuth.Domain", "src\ExoAuth.Domain\ExoAuth.Domain.csproj", "{CD533964-6E37-4454-AD34-B3C20E233AFB}"
EndProject
Project("{FAE04EC0-301F-11D3-BF4B-00C04F79EFBC}") = "ExoAuth.Application", "src\ExoAuth.Application\ExoAuth.Application.csproj", "{BE9DC810-8479-495C-B309-3D982933096C}"
EndProject
Project("{FAE04EC0-301F-11D3-BF4B-00C04F79EFBC}") = "ExoAuth.Infrastructure", "src\ExoAuth.Infrastructure\ExoAuth.Infrastructure.csproj", "{AC592D19-E443-47FF-9942-9B65F9DDA78F}"
EndProject
Project("{FAE04EC0-301F-11D3-BF4B-00C04F79EFBC}") = "ExoAuth.Api", "src\ExoAuth.Api\ExoAuth.Api.csproj", "{428CD874-6DD2-46D3-9F06-4D6C0A4C334C}"
EndProject
Project("{2150E333-8FDC-42A3-9474-1A3956D46DE8}") = "tests", "tests", "{0AB3BF05-4346-4AA6-1389-037BE0695223}"
EndProject
Project("{FAE04EC0-301F-11D3-BF4B-00C04F79EFBC}") = "ExoAuth.UnitTests", "tests\ExoAuth.UnitTests\ExoAuth.UnitTests.csproj", "{2B4AD7E4-4B9B-4B6F-804D-4BB686004A65}"
EndProject
Project("{FAE04EC0-301F-11D3-BF4B-00C04F79EFBC}") = "ExoAuth.IntegrationTests", "tests\ExoAuth.IntegrationTests\ExoAuth.IntegrationTests.csproj", "{EC8D2A67-CD66-441E-914C-B10C4E6DCDEA}"
EndProject
Global
	GlobalSection(SolutionConfigurationPlatforms) = preSolution
		Debug|Any CPU = Debug|Any CPU
		Debug|x64 = Debug|x64
		Debug|x86 = Debug|x86
		Release|Any CPU = Release|Any CPU
		Release|x64 = Release|x64
		Release|x86 = Release|x86
	EndGlobalSection
	GlobalSection(ProjectConfigurationPlatforms) = postSolution
		{CD533964-6E37-4454-AD34-B3C20E233AFB}.Debug|Any CPU.ActiveCfg = Debug|Any CPU
		{CD533964-6E37-4454-AD34-B3C20E233AFB}.Debug|Any CPU.Build.0 = Debug|Any CPU
		{CD533964-6E37-4454-AD34-B3C20E233AFB}.Debug|x64.ActiveCfg = Debug|Any CPU
		{CD533964-6E37-4454-AD34-B3C20E233AFB}.Debug|x64.Build.0 = Debug|Any CPU
		{CD533964-6E37-4454-AD34-B3C20E233AFB}.Debug|x86.ActiveCfg = Debug|Any CPU
		{CD533964-6E37-4454-AD34-B3C20E233AFB}.Debug|x86.Build.0 = Debug|Any CPU
		{CD533964-6E37-4454-AD34-B3C20E233AFB}.Release|Any CPU.ActiveCfg = Release|Any CPU
		{CD533964-6E37-4454-AD34-B3C20E233AFB}.Release|Any CPU.Build.0 = Release|Any CPU
		{CD533964-6E37-4454-AD34-B3C20E233AFB}.Release|x64.ActiveCfg = Release|Any CPU
		{CD533964-6E37-4454-AD34-B3C20E233AFB}.Release|x64.Build.0 = Release|Any CPU
		{CD533964-6E37-4454-AD34-B3C20E233AFB}.Release|x86.ActiveCfg = Release|Any CPU
		{CD533964-6E37-4454-AD34-B3C20E233AFB}.Release|x86.Build.0 = Release|Any CPU
		{BE9DC810-8479-495C-B309-3D982933096C}.Debug|Any CPU.ActiveCfg = Debug|Any CPU
		{BE9DC810-8479-495C-B309-3D982933096C}.Debug|Any CPU.Build.0 = Debug|Any CPU
		{BE9DC810-8479-495C-B309-3D982933096C}.Debug|x64.ActiveCfg = Debug|Any CPU
		{BE9DC810-8479-495C-B309-3D982933096C}.Debug|x64.Build.0 = Debug|Any CPU
		{BE9DC810-8479-495C-B309-3D982933096C}.Debug|x86.ActiveCfg = Debug|Any CPU
		{BE9DC810-8479-495C-B309-3D982933096C}.Debug|x86.Build.0 = Debug|Any CPU
		{BE9DC810-8479-495C-B309-3D982933096C}.Release|Any CPU.ActiveCfg = Release|Any CPU
		{BE9DC810-8479-495C-B309-3D982933096C}.Release|Any CPU.Build.0 = Release|Any CPU
		{BE9DC810-8479-495C-B309-3D982933096C}.Release|x64.ActiveCfg = Release|Any CPU
		{BE9DC810-8479-495C-B309-3D982933096C}.Release|x64.Build.0 = Release|Any CPU
		{BE9DC810-8479-495C-B309-3D982933096C}.Release|x86.ActiveCfg = Release|Any CPU
		{BE9DC810-8479-495C-B309-3D982933096C}.Release|x86.Build.0 = Release|Any CPU
		{AC592D19-E443-47FF-9942-9B65F9DDA78F}.Debug|Any CPU.ActiveCfg = Debug|Any CPU
		{AC592D19-E443-47FF-9942-9B65F9DDA78F}.Debug|Any CPU.Build.0 = Debug|Any CPU
		{AC592D19-E443-47FF-9942-9B65F9DDA78F}.Debug|x64.ActiveCfg = Debug|Any CPU
		{AC592D19-E443-47FF-9942-9B65F9DDA78F}.Debug|x64.Build.0 = Debug|Any CPU
		{AC592D19-E443-47FF-9942-9B65F9DDA78F}.Debug|x86.ActiveCfg = Debug|Any CPU
		{AC592D19-E443-47FF-9942-9B65F9DDA78F}.Debug|x86.Build.0 = Debug|Any CPU
		{AC592D19-E443-47FF-9942-9B65F9DDA78F}.Release|Any CPU.ActiveCfg = Release|Any CPU
		{AC592D19-E443-47FF-9942-9B65F9DDA78F}.Release|Any CPU.Build.0 = Release|Any CPU
		{AC592D19-E443-47FF-9942-9B65F9DDA78F}.Release|x64.ActiveCfg = Release|Any CPU
		{AC592D19-E443-47FF-9942-9B65F9DDA78F}.Release|x64.Build.0 = Release|Any CPU
		{AC592D19-E443-47FF-9942-9B65F9DDA78F}.Release|x86.ActiveCfg = Release|Any CPU
		{AC592D19-E443-47FF-9942-9B65F9DDA78F}.Release|x86.Build.0 = Release|Any CPU
		{428CD874-6DD2-46D3-9F06-4D6C0A4C334C}.Debug|Any CPU.ActiveCfg = Debug|Any CPU
		{428CD874-6DD2-46D3-9F06-4D6C0A4C334C}.Debug|Any CPU.Build.0 = Debug|Any CPU
		{428CD874-6DD2-46D3-9F06-4D6C0A4C334C}.Debug|x64.ActiveCfg = Debug|Any CPU
		{428CD874-6DD2-46D3-9F06-4D6C0A4C334C}.Debug|x64.Build.0 = Debug|Any CPU
		{428CD874-6DD2-46D3-9F06-4D6C0A4C334C}.Debug|x86.ActiveCfg = Debug|Any CPU
		{428CD874-6DD2-46D3-9F06-4D6C0A4C334C}.Debug|x86.Build.0 = Debug|Any CPU
		{428CD874-6DD2-46D3-9F06-4D6C0A4C334C}.Release|Any CPU.ActiveCfg = Release|Any CPU
		{428CD874-6DD2-46D3-9F06-4D6C0A4C334C}.Release|Any CPU.Build.0 = Release|Any CPU
		{428CD874-6DD2-46D3-9F06-4D6C0A4C334C}.Release|x64.ActiveCfg = Release|Any CPU
		{428CD874-6DD2-46D3-9F06-4D6C0A4C334C}.Release|x64.Build.0 = Release|Any CPU
		{428CD874-6DD2-46D3-9F06-4D6C0A4C334C}.Release|x86.ActiveCfg = Release|Any CPU
		{428CD874-6DD2-46D3-9F06-4D6C0A4C334C}.Release|x86.Build.0 = Release|Any CPU
		{2B4AD7E4-4B9B-4B6F-804D-4BB686004A65}.Debug|Any CPU.ActiveCfg = Debug|Any CPU
		{2B4AD7E4-4B9B-4B6F-804D-4BB686004A65}.Debug|Any CPU.Build.0 = Debug|Any CPU
		{2B4AD7E4-4B9B-4B6F-804D-4BB686004A65}.Debug|x64.ActiveCfg = Debug|Any CPU
		{2B4AD7E4-4B9B-4B6F-804D-4BB686004A65}.Debug|x64.Build.0 = Debug|Any CPU
		{2B4AD7E4-4B9B-4B6F-804D-4BB686004A65}.Debug|x86.ActiveCfg = Debug|Any CPU
		{2B4AD7E4-4B9B-4B6F-804D-4BB686004A65}.Debug|x86.Build.0 = Debug|Any CPU
		{2B4AD7E4-4B9B-4B6F-804D-4BB686004A65}.Release|Any CPU.ActiveCfg = Release|Any CPU
		{2B4AD7E4-4B9B-4B6F-804D-4BB686004A65}.Release|Any CPU.Build.0 = Release|Any CPU
		{2B4AD7E4-4B9B-4B6F-804D-4BB686004A65}.Release|x64.ActiveCfg = Release|Any CPU
		{2B4AD7E4-4B9B-4B6F-804D-4BB686004A65}.Release|x64.Build.0 = Release|Any CPU
		{2B4AD7E4-4B9B-4B6F-804D-4BB686004A65}.Release|x86.ActiveCfg = Release|Any CPU
		{2B4AD7E4-4B9B-4B6F-804D-4BB686004A65}.Release|x86.Build.0 = Release|Any CPU
		{EC8D2A67-CD66-441E-914C-B10C4E6DCDEA}.Debug|Any CPU.ActiveCfg = Debug|Any CPU
		{EC8D2A67-CD66-441E-914C-B10C4E6DCDEA}.Debug|Any CPU.Build.0 = Debug|Any CPU
		{EC8D2A67-CD66-441E-914C-B10C4E6DCDEA}.Debug|x64.ActiveCfg = Debug|Any CPU
		{EC8D2A67-CD66-441E-914C-B10C4E6DCDEA}.Debug|x64.Build.0 = Debug|Any CPU
		{EC8D2A67-CD66-441E-914C-B10C4E6DCDEA}.Debug|x86.ActiveCfg = Debug|Any CPU
		{EC8D2A67-CD66-441E-914C-B10C4E6DCDEA}.Debug|x86.Build.0 = Debug|Any CPU
		{EC8D2A67-CD66-441E-914C-B10C4E6DCDEA}.Release|Any CPU.ActiveCfg = Release|Any CPU
		{EC8D2A67-CD66-441E-914C-B10C4E6DCDEA}.Release|Any CPU.Build.0 = Release|Any CPU
		{EC8D2A67-CD66-441E-914C-B10C4E6DCDEA}.Release|x64.ActiveCfg = Release|Any CPU
		{EC8D2A67-CD66-441E-914C-B10C4E6DCDEA}.Release|x64.Build.0 = Release|Any CPU
		{EC8D2A67-CD66-441E-914C-B10C4E6DCDEA}.Release|x86.ActiveCfg = Release|Any CPU
		{EC8D2A67-CD66-441E-914C-B10C4E6DCDEA}.Release|x86.Build.0 = Release|Any CPU
	EndGlobalSection
	GlobalSection(SolutionProperties) = preSolution
		HideSolutionNode = FALSE
	EndGlobalSection
	GlobalSection(NestedProjects) = preSolution
		{CD533964-6E37-4454-AD34-B3C20E233AFB} = {827E0CD3-B72D-47B6-A68D-7590B98EB39B}
		{BE9DC810-8479-495C-B309-3D982933096C} = {827E0CD3-B72D-47B6-A68D-7590B98EB39B}
		{AC592D19-E443-47FF-9942-9B65F9DDA78F} = {827E0CD3-B72D-47B6-A68D-7590B98EB39B}
		{428CD874-6DD2-46D3-9F06-4D6C0A4C334C} = {827E0CD3-B72D-47B6-A68D-7590B98EB39B}
		{2B4AD7E4-4B9B-4B6F-804D-4BB686004A65} = {0AB3BF05-4346-4AA6-1389-037BE0695223}
		{EC8D2A67-CD66-441E-914C-B10C4E6DCDEA} = {0AB3BF05-4346-4AA6-1389-037BE0695223}
	EndGlobalSection
EndGlobal
